
Microsoft Visual Studio Solution File, Format Version 12.00
# Visual Studio Version 18
VisualStudioVersion = 18.4.11626.88
MinimumVisualStudioVersion = 10.0.40219.1
Project("{FAE04EC0-301F-11D3-BF4B-00C04F79EFBC}") = "SoccerStarsApp", "SoccerStarsApp.csproj", "{CAAEA6C6-FDE2-48AA-A058-E8A1CA210A94}"
EndProject
Global
	GlobalSection(SolutionConfigurationPlatforms) = preSolution
		Debug|Any CPU = Debug|Any CPU
		Release|Any CPU = Release|Any CPU
	EndGlobalSection
	GlobalSection(ProjectConfigurationPlatforms) = postSolution
		{CAAEA6C6-FDE2-48AA-A058-E8A1CA210A94}.Debug|Any CPU.ActiveCfg = Debug|Any CPU
		{CAAEA6C6-FDE2-48AA-A058-E8A1CA210A94}.Debug|Any CPU.Build.0 = Debug|Any CPU
		{CAAEA6C6-FDE2-48AA-A058-E8A1CA210A94}.Release|Any CPU.ActiveCfg = Release|Any CPU
		{CAAEA6C6-FDE2-48AA-A058-E8A1CA210A94}.Release|Any CPU.Build.0 = Release|Any CPU
	EndGlobalSection
	GlobalSection(SolutionProperties) = preSolution
		HideSolutionNode = FALSE
	EndGlobalSection
	GlobalSection(ExtensibilityGlobals) = postSolution
		SolutionGuid = {90202D38-D94E-4176-8AD5-2F63C7A96436}
	EndGlobalSection
EndGlobal
